Microsoft Visual Studio Solution File, Format Version 12.00
# Visual Studio Version 17
VisualStudioVersion = 17.5.2.0
MinimumVisualStudioVersion = 10.0.40219.1
Project("{FAE04EC0-301F-11D3-BF4B-00C04F79EFBC}") = "projet_ENSemenCe", "projet_ENSemenCe\projet_ENSemenCe.csproj", "{2824A010-7FF2-7198-C398-A881F7863EE4}"
EndProject
Global
	GlobalSection(SolutionConfigurationPlatforms) = preSolution
		Debug|Any CPU = Debug|Any CPU
		Release|Any CPU = Release|Any CPU
	EndGlobalSection
	GlobalSection(ProjectConfigurationPlatforms) = postSolution
		{2824A010-7FF2-7198-C398-A881F7863EE4}.Debug|Any CPU.ActiveCfg = Debug|Any CPU
		{2824A010-7FF2-7198-C398-A881F7863EE4}.Debug|Any CPU.Build.0 = Debug|Any CPU
		{2824A010-7FF2-7198-C398-A881F7863EE4}.Release|Any CPU.ActiveCfg = Release|Any CPU
		{2824A010-7FF2-7198-C398-A881F7863EE4}.Release|Any CPU.Build.0 = Release|Any CPU
	EndGlobalSection
	GlobalSection(SolutionProperties) = preSolution
		HideSolutionNode = FALSE
	EndGlobalSection
	GlobalSection(ExtensibilityGlobals) = postSolution
		SolutionGuid = {3C4F4CAE-E1F3-42D3-8E66-EDA11FF75351}
	EndGlobalSection
EndGlobal
